
Microsoft Visual Studio Solution File, Format Version 12.00
# Visual Studio Version 17
VisualStudioVersion = 17.0.31903.59
MinimumVisualStudioVersion = 10.0.40219.1
Project("{FAE04EC0-301F-11D3-BF4B-00C04F79EFBC}") = "eAuditoria", "eAuditoria\eAuditoria.csproj", "{E91CF193-5831-45A9-ADDA-7132799AA921}"
EndProject
Global
	GlobalSection(SolutionConfigurationPlatforms) = preSolution
		Debug|Any CPU = Debug|Any CPU
		Release|Any CPU = Release|Any CPU
	EndGlobalSection
	GlobalSection(ProjectConfigurationPlatforms) = postSolution
		{E91CF193-5831-45A9-ADDA-7132799AA921}.Debug|Any CPU.ActiveCfg = Debug|Any CPU
		{E91CF193-5831-45A9-ADDA-7132799AA921}.Debug|Any CPU.Build.0 = Debug|Any CPU
		{E91CF193-5831-45A9-ADDA-7132799AA921}.Release|Any CPU.ActiveCfg = Release|Any CPU
		{E91CF193-5831-45A9-ADDA-7132799AA921}.Release|Any CPU.Build.0 = Release|Any CPU
	EndGlobalSection
	GlobalSection(SolutionProperties) = preSolution
		HideSolutionNode = FALSE
	EndGlobalSection
	GlobalSection(ExtensibilityGlobals) = postSolution
		SolutionGuid = {C08A454A-D879-4EE3-BA36-5EA66AB796C2}
	EndGlobalSection
EndGlobal
